// !$*UTF8*$!
{
	archiveVersion = 1;
	classes = {
	};
	objectVersion = 56;
	objects = {

/* Begin PBXBuildFile section */
		E442255E2CC35DFC00F8105E /* Foodies_AssignApp.swift in Sources */ = {isa = PBXBuildFile; fileRef = E442255D2CC35DFC00F8105E /* Foodies_AssignApp.swift */; };
		E44225602CC35DFC00F8105E /* ContentView.swift in Sources */ = {isa = PBXBuildFile; fileRef = E442255F2CC35DFC00F8105E /* ContentView.swift */; };
		E44225622CC35DFD00F8105E /* Assets.xcassets in Resources */ = {isa = PBXBuildFile; fileRef = E44225612CC35DFD00F8105E /* Assets.xcassets */; };
		E44225652CC35DFD00F8105E /* Preview Assets.xcassets in Resources */ = {isa = PBXBuildFile; fileRef = E44225642CC35DFD00F8105E /* Preview Assets.xcassets */; };
		E442256F2CC35DFD00F8105E /* Foodies_AssignTests.swift in Sources */ = {isa = PBXBuildFile; fileRef = E442256E2CC35DFD00F8105E /* Foodies_AssignTests.swift */; };
		E44225792CC35DFD00F8105E /* Foodies_AssignUITests.swift in Sources */ = {isa = PBXBuildFile; fileRef = E44225782CC35DFD00F8105E /* Foodies_AssignUITests.swift */; };
		E442257B2CC35DFD00F8105E /* Foodies_AssignUITestsLaunchTests.swift in Sources */ = {isa = PBXBuildFile; fileRef = E442257A2CC35DFD00F8105E /* Foodies_AssignUITestsLaunchTests.swift */; };
		E442258E2CC35E8D00F8105E /* Kingfisher in Frameworks */ = {isa = PBXBuildFile; productRef = E442258D2CC35E8D00F8105E /* Kingfisher */; };
		E44225902CC35F0500F8105E /* recipeJson.json in Resources */ = {isa = PBXBuildFile; fileRef = E442258F2CC35F0500F8105E /* recipeJson.json */; };
		E44225922CC35F7B00F8105E /* RecipeModel.swift in Sources */ = {isa = PBXBuildFile; fileRef = E44225912CC35F7B00F8105E /* RecipeModel.swift */; };
		E44225942CC35FD000F8105E /* StaticJSONMapping.swift in Sources */ = {isa = PBXBuildFile; fileRef = E44225932CC35FD000F8105E /* StaticJSONMapping.swift */; };
		E44225962CC3600C00F8105E /* RecipePreviewData.swift in Sources */ = {isa = PBXBuildFile; fileRef = E44225952CC3600C00F8105E /* RecipePreviewData.swift */; };
		E44225982CC3605500F8105E /* IconImage.swift in Sources */ = {isa = PBXBuildFile; fileRef = E44225972CC3605500F8105E /* IconImage.swift */; };
		E442259A2CC3607500F8105E /* RecipeViewModel.swift in Sources */ = {isa = PBXBuildFile; fileRef = E44225992CC3607500F8105E /* RecipeViewModel.swift */; };
		E442259C2CC36A5500F8105E /* RecipeGridCell.swift in Sources */ = {isa = PBXBuildFile; fileRef = E442259B2CC36A5500F8105E /* RecipeGridCell.swift */; };
		E442259E2CC36AA200F8105E /* RecipeDetailCell.swift in Sources */ = {isa = PBXBuildFile; fileRef = E442259D2CC36AA200F8105E /* RecipeDetailCell.swift */; };
		E44225A02CC36AF000F8105E /* RecipeCard.swift in Sources */ = {isa = PBXBuildFile; fileRef = E442259F2CC36AF000F8105E /* RecipeCard.swift */; };
		E44225A22CC36B2C00F8105E /* RecipeMainView.swift in Sources */ = {isa = PBXBuildFile; fileRef = E44225A12CC36B2C00F8105E /* RecipeMainView.swift */; };
		E47F0E1E2CC3C57100BC9972 /* FoodiesUnitTest.swift in Sources */ = {isa = PBXBuildFile; fileRef = E47F0E1D2CC3C57100BC9972 /* FoodiesUnitTest.swift */; };
/* End PBXBuildFile section */

/* Begin PBXContainerItemProxy section */
		E442256B2CC35DFD00F8105E /* PBXContainerItemProxy */ = {
			isa = PBXContainerItemProxy;
			containerPortal = E44225522CC35DFC00F8105E /* Project object */;
			proxyType = 1;
			remoteGlobalIDString = E44225592CC35DFC00F8105E;
			remoteInfo = Foodies_Assign;
		};
		E44225752CC35DFD00F8105E /* PBXContainerItemProxy */ = {
			isa = PBXContainerItemProxy;
			containerPortal = E44225522CC35DFC00F8105E /* Project object */;
			proxyType = 1;
			remoteGlobalIDString = E44225592CC35DFC00F8105E;
			remoteInfo = Foodies_Assign;
		};
/* End PBXContainerItemProxy section */

/* Begin PBXFileReference section */
		E442255A2CC35DFC00F8105E /* Foodies_Assign.app */ = {isa = PBXFileReference; explicitFileType = wrapper.application; includeInIndex = 0; path = Foodies_Assign.app; sourceTree = BUILT_PRODUCTS_DIR; };
		E442255D2CC35DFC00F8105E /* Foodies_AssignApp.swift */ = {isa = PBXFileReference; lastKnownFileType = sourcecode.swift; path = Foodies_AssignApp.swift; sourceTree = "<group>"; };
		E442255F2CC35DFC00F8105E /* ContentView.swift */ = {isa = PBXFileReference; lastKnownFileType = sourcecode.swift; path = ContentView.swift; sourceTree = "<group>"; };
		E44225612CC35DFD00F8105E /* Assets.xcassets */ = {isa = PBXFileReference; lastKnownFileType = folder.assetcatalog; path = Assets.xcassets; sourceTree = "<group>"; };
		E44225642CC35DFD00F8105E /* Preview Assets.xcassets */ = {isa = PBXFileReference; lastKnownFileType = folder.assetcatalog; path = "Preview Assets.xcassets"; sourceTree = "<group>"; };
		E442256A2CC35DFD00F8105E /* Foodies_AssignTests.xctest */ = {isa = PBXFileReference; explicitFileType = wrapper.cfbundle; includeInIndex = 0; path = Foodies_AssignTests.xctest; sourceTree = BUILT_PRODUCTS_DIR; };
		E442256E2CC35DFD00F8105E /* Foodies_AssignTests.swift */ = {isa = PBXFileReference; lastKnownFileType = sourcecode.swift; path = Foodies_AssignTests.swift; sourceTree = "<group>"; };
		E44225742CC35DFD00F8105E /* Foodies_AssignUITests.xctest */ = {isa = PBXFileReference; explicitFileType = wrapper.cfbundle; includeInIndex = 0; path = Foodies_AssignUITests.xctest; sourceTree = BUILT_PRODUCTS_DIR; };
		E44225782CC35DFD00F8105E /* Foodies_AssignUITests.swift */ = {isa = PBXFileReference; lastKnownFileType = sourcecode.swift; path = Foodies_AssignUITests.swift; sourceTree = "<group>"; };
		E442257A2CC35DFD00F8105E /* Foodies_AssignUITestsLaunchTests.swift */ = {isa = PBXFileReference; lastKnownFileType = sourcecode.swift; path = Foodies_AssignUITestsLaunchTests.swift; sourceTree = "<group>"; };
		E442258F2CC35F0500F8105E /* recipeJson.json */ = {isa = PBXFileReference; lastKnownFileType = text.json; path = recipeJson.json; sourceTree = "<group>"; xcLanguageSpecificationIdentifier = xcode.lang.json; };
		E44225912CC35F7B00F8105E /* RecipeModel.swift */ = {isa = PBXFileReference; lastKnownFileType = sourcecode.swift; path = RecipeModel.swift; sourceTree = "<group>"; };
		E44225932CC35FD000F8105E /* StaticJSONMapping.swift */ = {isa = PBXFileReference; lastKnownFileType = sourcecode.swift; path = StaticJSONMapping.swift; sourceTree = "<group>"; };
		E44225952CC3600C00F8105E /* RecipePreviewData.swift */ = {isa = PBXFileReference; lastKnownFileType = sourcecode.swift; path = RecipePreviewData.swift; sourceTree = "<group>"; };
		E44225972CC3605500F8105E /* IconImage.swift */ = {isa = PBXFileReference; lastKnownFileType = sourcecode.swift; path = IconImage.swift; sourceTree = "<group>"; };
		E44225992CC3607500F8105E /* RecipeViewModel.swift */ = {isa = PBXFileReference; lastKnownFileType = sourcecode.swift; path = RecipeViewModel.swift; sourceTree = "<group>"; };
		E442259B2CC36A5500F8105E /* RecipeGridCell.swift */ = {isa = PBXFileReference; lastKnownFileType = sourcecode.swift; path = RecipeGridCell.swift; sourceTree = "<group>"; };
		E442259D2CC36AA200F8105E /* RecipeDetailCell.swift */ = {isa = PBXFileReference; lastKnownFileType = sourcecode.swift; path = RecipeDetailCell.swift; sourceTree = "<group>"; };
		E442259F2CC36AF000F8105E /* RecipeCard.swift */ = {isa = PBXFileReference; lastKnownFileType = sourcecode.swift; path = RecipeCard.swift; sourceTree = "<group>"; };
		E44225A12CC36B2C00F8105E /* RecipeMainView.swift */ = {isa = PBXFileReference; lastKnownFileType = sourcecode.swift; path = RecipeMainView.swift; sourceTree = "<group>"; };
		E47F0E1D2CC3C57100BC9972 /* FoodiesUnitTest.swift */ = {isa = PBXFileReference; lastKnownFileType = sourcecode.swift; path = FoodiesUnitTest.swift; sourceTree = "<group>"; };
/* End PBXFileReference section */

/* Begin PBXFrameworksBuildPhase section */
		E44225572CC35DFC00F8105E /* Frameworks */ = {
			isa = PBXFrameworksBuildPhase;
			buildActionMask = 2147483647;
			files = (
				E442258E2CC35E8D00F8105E /* Kingfisher in Frameworks */,
			);
			runOnlyForDeploymentPostprocessing = 0;
		};
		E44225672CC35DFD00F8105E /* Frameworks */ = {
			isa = PBXFrameworksBuildPhase;
			buildActionMask = 2147483647;
			files = (
			);
			runOnlyForDeploymentPostprocessing = 0;
		};
		E44225712CC35DFD00F8105E /* Frameworks */ = {
			isa = PBXFrameworksBuildPhase;
			buildActionMask = 2147483647;
			files = (
			);
			runOnlyForDeploymentPostprocessing = 0;
		};
/* End PBXFrameworksBuildPhase section */

/* Begin PBXGroup section */
		E44225512CC35DFC00F8105E = {
			isa = PBXGroup;
			children = (
				E442255C2CC35DFC00F8105E /* Foodies_Assign */,
				E442256D2CC35DFD00F8105E /* Foodies_AssignTests */,
				E44225772CC35DFD00F8105E /* Foodies_AssignUITests */,
				E442255B2CC35DFC00F8105E /* Products */,
			);
			sourceTree = "<group>";
		};
		E442255B2CC35DFC00F8105E /* Products */ = {
			isa = PBXGroup;
			children = (
				E442255A2CC35DFC00F8105E /* Foodies_Assign.app */,
				E442256A2CC35DFD00F8105E /* Foodies_AssignTests.xctest */,
				E44225742CC35DFD00F8105E /* Foodies_AssignUITests.xctest */,
			);
			name = Products;
			sourceTree = "<group>";
		};
		E442255C2CC35DFC00F8105E /* Foodies_Assign */ = {
			isa = PBXGroup;
			children = (
				E442255D2CC35DFC00F8105E /* Foodies_AssignApp.swift */,
				E442255F2CC35DFC00F8105E /* ContentView.swift */,
				E442258B2CC35E3700F8105E /* utils */,
				E442258A2CC35E2D00F8105E /* view */,
				E44225892CC35E2300F8105E /* viewmodel */,
				E44225882CC35E1D00F8105E /* model */,
				E44225872CC35E1100F8105E /* json */,
				E44225612CC35DFD00F8105E /* Assets.xcassets */,
				E44225632CC35DFD00F8105E /* Preview Content */,
			);
			path = Foodies_Assign;
			sourceTree = "<group>";
		};
		E44225632CC35DFD00F8105E /* Preview Content */ = {
			isa = PBXGroup;
			children = (
				E44225642CC35DFD00F8105E /* Preview Assets.xcassets */,
			);
			path = "Preview Content";
			sourceTree = "<group>";
		};
		E442256D2CC35DFD00F8105E /* Foodies_AssignTests */ = {
			isa = PBXGroup;
			children = (
				E442256E2CC35DFD00F8105E /* Foodies_AssignTests.swift */,
				E47F0E1D2CC3C57100BC9972 /* FoodiesUnitTest.swift */,
			);
			path = Foodies_AssignTests;
			sourceTree = "<group>";
		};
		E44225772CC35DFD00F8105E /* Foodies_AssignUITests */ = {
			isa = PBXGroup;
			children = (
				E44225782CC35DFD00F8105E /* Foodies_AssignUITests.swift */,
				E442257A2CC35DFD00F8105E /* Foodies_AssignUITestsLaunchTests.swift */,
			);
			path = Foodies_AssignUITests;
			sourceTree = "<group>";
		};
		E44225872CC35E1100F8105E /* json */ = {
			isa = PBXGroup;
			children = (
				E442258F2CC35F0500F8105E /* recipeJson.json */,
			);
			path = json;
			sourceTree = "<group>";
		};
		E44225882CC35E1D00F8105E /* model */ = {
			isa = PBXGroup;
			children = (
				E44225912CC35F7B00F8105E /* RecipeModel.swift */,
			);
			path = model;
			sourceTree = "<group>";
		};
		E44225892CC35E2300F8105E /* viewmodel */ = {
			isa = PBXGroup;
			children = (
				E44225992CC3607500F8105E /* RecipeViewModel.swift */,
			);
			path = viewmodel;
			sourceTree = "<group>";
		};
		E442258A2CC35E2D00F8105E /* view */ = {
			isa = PBXGroup;
			children = (
				E442259B2CC36A5500F8105E /* RecipeGridCell.swift */,
				E442259D2CC36AA200F8105E /* RecipeDetailCell.swift */,
				E442259F2CC36AF000F8105E /* RecipeCard.swift */,
				E44225A12CC36B2C00F8105E /* RecipeMainView.swift */,
			);
			path = view;
			sourceTree = "<group>";
		};
		E442258B2CC35E3700F8105E /* utils */ = {
			isa = PBXGroup;
			children = (
				E44225932CC35FD000F8105E /* StaticJSONMapping.swift */,
				E44225952CC3600C00F8105E /* RecipePreviewData.swift */,
				E44225972CC3605500F8105E /* IconImage.swift */,
			);
			path = utils;
			sourceTree = "<group>";
		};
/* End PBXGroup section */

/* Begin PBXNativeTarget section */
		E44225592CC35DFC00F8105E /* Foodies_Assign */ = {
			isa = PBXNativeTarget;
			buildConfigurationList = E442257E2CC35DFD00F8105E /* Build configuration list for PBXNativeTarget "Foodies_Assign" */;
			buildPhases = (
				E44225562CC35DFC00F8105E /* Sources */,
				E44225572CC35DFC00F8105E /* Frameworks */,
				E44225582CC35DFC00F8105E /* Resources */,
			);
			buildRules = (
			);
			dependencies = (
			);
			name = Foodies_Assign;
			packageProductDependencies = (
				E442258D2CC35E8D00F8105E /* Kingfisher */,
			);
			productName = Foodies_Assign;
			productReference = E442255A2CC35DFC00F8105E /* Foodies_Assign.app */;
			productType = "com.apple.product-type.application";
		};
		E44225692CC35DFD00F8105E /* Foodies_AssignTests */ = {
			isa = PBXNativeTarget;
			buildConfigurationList = E44225812CC35DFD00F8105E /* Build configuration list for PBXNativeTarget "Foodies_AssignTests" */;
			buildPhases = (
				E44225662CC35DFD00F8105E /* Sources */,
				E44225672CC35DFD00F8105E /* Frameworks */,
				E44225682CC35DFD00F8105E /* Resources */,
			);
			buildRules = (
			);
			dependencies = (
				E442256C2CC35DFD00F8105E /* PBXTargetDependency */,
			);
			name = Foodies_AssignTests;
			productName = Foodies_AssignTests;
			productReference = E442256A2CC35DFD00F8105E /* Foodies_AssignTests.xctest */;
			productType = "com.apple.product-type.bundle.unit-test";
		};
		E44225732CC35DFD00F8105E /* Foodies_AssignUITests */ = {
			isa = PBXNativeTarget;
			buildConfigurationList = E44225842CC35DFD00F8105E /* Build configuration list for PBXNativeTarget "Foodies_AssignUITests" */;
			buildPhases = (
				E44225702CC35DFD00F8105E /* Sources */,
				E44225712CC35DFD00F8105E /* Frameworks */,
				E44225722CC35DFD00F8105E /* Resources */,
			);
			buildRules = (
			);
			dependencies = (
				E44225762CC35DFD00F8105E /* PBXTargetDependency */,
			);
			name = Foodies_AssignUITests;
			productName = Foodies_AssignUITests;
			productReference = E44225742CC35DFD00F8105E /* Foodies_AssignUITests.xctest */;
			productType = "com.apple.product-type.bundle.ui-testing";
		};
/* End PBXNativeTarget section */

/* Begin PBXProject section */
		E44225522CC35DFC00F8105E /* Project object */ = {
			isa = PBXProject;
			attributes = {
				BuildIndependentTargetsInParallel = 1;
				LastSwiftUpdateCheck = 1540;
				LastUpgradeCheck = 1540;
				TargetAttributes = {
					E44225592CC35DFC00F8105E = {
						CreatedOnToolsVersion = 15.4;
					};
					E44225692CC35DFD00F8105E = {
						CreatedOnToolsVersion = 15.4;
						TestTargetID = E44225592CC35DFC00F8105E;
					};
					E44225732CC35DFD00F8105E = {
						CreatedOnToolsVersion = 15.4;
						TestTargetID = E44225592CC35DFC00F8105E;
					};
				};
			};
			buildConfigurationList = E44225552CC35DFC00F8105E /* Build configuration list for PBXProject "Foodies_Assign" */;
			compatibilityVersion = "Xcode 14.0";
			developmentRegion = en;
			hasScannedForEncodings = 0;
			knownRegions = (
				en,
				Base,
			);
			mainGroup = E44225512CC35DFC00F8105E;
			packageReferences = (
				E442258C2CC35E8D00F8105E /* XCRemoteSwiftPackageReference "Kingfisher" */,
			);
			productRefGroup = E442255B2CC35DFC00F8105E /* Products */;
			projectDirPath = "";
			projectRoot = "";
			targets = (
				E44225592CC35DFC00F8105E /* Foodies_Assign */,
				E44225692CC35DFD00F8105E /* Foodies_AssignTests */,
				E44225732CC35DFD00F8105E /* Foodies_AssignUITests */,
			);
		};
/* End PBXProject section */

/* Begin PBXResourcesBuildPhase section */
		E44225582CC35DFC00F8105E /* Resources */ = {
			isa = PBXResourcesBuildPhase;
			buildActionMask = 2147483647;
			files = (
				E44225652CC35DFD00F8105E /* Preview Assets.xcassets in Resources */,
				E44225622CC35DFD00F8105E /* Assets.xcassets in Resources */,
				E44225902CC35F0500F8105E /* recipeJson.json in Resources */,
			);
			runOnlyForDeploymentPostprocessing = 0;
		};
		E44225682CC35DFD00F8105E /* Resources */ = {
			isa = PBXResourcesBuildPhase;
			buildActionMask = 2147483647;
			files = (
			);
			runOnlyForDeploymentPostprocessing = 0;
		};
		E44225722CC35DFD00F8105E /* Resources */ = {
			isa = PBXResourcesBuildPhase;
			buildActionMask = 2147483647;
			files = (
			);
			runOnlyForDeploymentPostprocessing = 0;
		};
/* End PBXResourcesBuildPhase section */

/* Begin PBXSourcesBuildPhase section */
		E44225562CC35DFC00F8105E /* Sources */ = {
			isa = PBXSourcesBuildPhase;
			buildActionMask = 2147483647;
			files = (
				E44225982CC3605500F8105E /* IconImage.swift in Sources */,
				E44225A02CC36AF000F8105E /* RecipeCard.swift in Sources */,
				E442259E2CC36AA200F8105E /* RecipeDetailCell.swift in Sources */,
				E44225942CC35FD000F8105E /* StaticJSONMapping.swift in Sources */,
				E44225602CC35DFC00F8105E /* ContentView.swift in Sources */,
				E442259A2CC3607500F8105E /* RecipeViewModel.swift in Sources */,
				E44225A22CC36B2C00F8105E /* RecipeMainView.swift in Sources */,
				E44225962CC3600C00F8105E /* RecipePreviewData.swift in Sources */,
				E442259C2CC36A5500F8105E /* RecipeGridCell.swift in Sources */,
				E442255E2CC35DFC00F8105E /* Foodies_AssignApp.swift in Sources */,
				E44225922CC35F7B00F8105E /* RecipeModel.swift in Sources */,
			);
			runOnlyForDeploymentPostprocessing = 0;
		};
		E44225662CC35DFD00F8105E /* Sources */ = {
			isa = PBXSourcesBuildPhase;
			buildActionMask = 2147483647;
			files = (
				E442256F2CC35DFD00F8105E /* Foodies_AssignTests.swift in Sources */,
				E47F0E1E2CC3C57100BC9972 /* FoodiesUnitTest.swift in Sources */,
			);
			runOnlyForDeploymentPostprocessing = 0;
		};
		E44225702CC35DFD00F8105E /* Sources */ = {
			isa = PBXSourcesBuildPhase;
			buildActionMask = 2147483647;
			files = (
				E44225792CC35DFD00F8105E /* Foodies_AssignUITests.swift in Sources */,
				E442257B2CC35DFD00F8105E /* Foodies_AssignUITestsLaunchTests.swift in Sources */,
			);
			runOnlyForDeploymentPostprocessing = 0;
		};
/* End PBXSourcesBuildPhase section */

/* Begin PBXTargetDependency section */
		E442256C2CC35DFD00F8105E /* PBXTargetDependency */ = {
			isa = PBXTargetDependency;
			target = E44225592CC35DFC00F8105E /* Foodies_Assign */;
			targetProxy = E442256B2CC35DFD00F8105E /* PBXContainerItemProxy */;
		};
		E44225762CC35DFD00F8105E /* PBXTargetDependency */ = {
			isa = PBXTargetDependency;
			target = E44225592CC35DFC00F8105E /* Foodies_Assign */;
			targetProxy = E44225752CC35DFD00F8105E /* PBXContainerItemProxy */;
		};
/* End PBXTargetDependency section */

/* Begin XCBuildConfiguration section */
		E442257C2CC35DFD00F8105E /* Debug */ = {
			isa = XCBuildConfiguration;
			buildSettings = {
				ALWAYS_SEARCH_USER_PATHS = NO;
				ASSETCATALOG_COMPILER_GENERATE_SWIFT_ASSET_SYMBOL_EXTENSIONS = YES;
				CLANG_ANALYZER_NONNULL = YES;
				CLANG_ANALYZER_NUMBER_OBJECT_CONVERSION = YES_AGGRESSIVE;
				CLANG_CXX_LANGUAGE_STANDARD = "gnu++20";
				CLANG_ENABLE_MODULES = YES;
				CLANG_ENABLE_OBJC_ARC = YES;
				CLANG_ENABLE_OBJC_WEAK = YES;
				CLANG_WARN_BLOCK_CAPTURE_AUTORELEASING = YES;
				CLANG_WARN_BOOL_CONVERSION = YES;
				CLANG_WARN_COMMA = YES;
				CLANG_WARN_CONSTANT_CONVERSION = YES;
				CLANG_WARN_DEPRECATED_OBJC_IMPLEMENTATIONS = YES;
				CLANG_WARN_DIRECT_OBJC_ISA_USAGE = YES_ERROR;
				CLANG_WARN_DOCUMENTATION_COMMENTS = YES;
				CLANG_WARN_EMPTY_BODY = YES;
				CLANG_WARN_ENUM_CONVERSION = YES;
				CLANG_WARN_INFINITE_RECURSION = YES;
				CLANG_WARN_INT_CONVERSION = YES;
				CLANG_WARN_NON_LITERAL_NULL_CONVERSION = YES;
				CLANG_WARN_OBJC_IMPLICIT_RETAIN_SELF = YES;
				CLANG_WARN_OBJC_LITERAL_CONVERSION = YES;
				CLANG_WARN_OBJC_ROOT_CLASS = YES_ERROR;
				CLANG_WARN_QUOTED_INCLUDE_IN_FRAMEWORK_HEADER = YES;
				CLANG_WARN_RANGE_LOOP_ANALYSIS = YES;
				CLANG_WARN_STRICT_PROTOTYPES = YES;
				CLANG_WARN_SUSPICIOUS_MOVE = YES;
				CLANG_WARN_UNGUARDED_AVAILABILITY = YES_AGGRESSIVE;
				CLANG_WARN_UNREACHABLE_CODE = YES;
				CLANG_WARN__DUPLICATE_METHOD_MATCH = YES;
				COPY_PHASE_STRIP = NO;
				DEBUG_INFORMATION_FORMAT = dwarf;
				ENABLE_STRICT_OBJC_MSGSEND = YES;
				ENABLE_TESTABILITY = YES;
				ENABLE_USER_SCRIPT_SANDBOXING = YES;
				GCC_C_LANGUAGE_STANDARD = gnu17;
				GCC_DYNAMIC_NO_PIC = NO;
				GCC_NO_COMMON_BLOCKS = YES;
				GCC_OPTIMIZATION_LEVEL = 0;
				GCC_PREPROCESSOR_DEFINITIONS = (
					"DEBUG=1",
					"$(inherited)",
				);
				GCC_WARN_64_TO_32_BIT_CONVERSION = YES;
				GCC_WARN_ABOUT_RETURN_TYPE = YES_ERROR;
				GCC_WARN_UNDECLARED_SELECTOR = YES;
				GCC_WARN_UNINITIALIZED_AUTOS = YES_AGGRESSIVE;
				GCC_WARN_UNUSED_FUNCTION = YES;
				GCC_WARN_UNUSED_VARIABLE = YES;
				IPHONEOS_DEPLOYMENT_TARGET = 17.5;
				LOCALIZATION_PREFERS_STRING_CATALOGS = YES;
				MTL_ENABLE_DEBUG_INFO = INCLUDE_SOURCE;
				MTL_FAST_MATH = YES;
				ONLY_ACTIVE_ARCH = YES;
				SDKROOT = iphoneos;
				SWIFT_ACTIVE_COMPILATION_CONDITIONS = "DEBUG $(inherited)";
				SWIFT_OPTIMIZATION_LEVEL = "-Onone";
			};
			name = Debug;
		};
		E442257D2CC35DFD00F8105E /* Release */ = {
			isa = XCBuildConfiguration;
			buildSettings = {
				ALWAYS_SEARCH_USER_PATHS = NO;
				ASSETCATALOG_COMPILER_GENERATE_SWIFT_ASSET_SYMBOL_EXTENSIONS = YES;
				CLANG_ANALYZER_NONNULL = YES;
				CLANG_ANALYZER_NUMBER_OBJECT_CONVERSION = YES_AGGRESSIVE;
				CLANG_CXX_LANGUAGE_STANDARD = "gnu++20";
				CLANG_ENABLE_MODULES = YES;
				CLANG_ENABLE_OBJC_ARC = YES;
				CLANG_ENABLE_OBJC_WEAK = YES;
				CLANG_WARN_BLOCK_CAPTURE_AUTORELEASING = YES;
				CLANG_WARN_BOOL_CONVERSION = YES;
				CLANG_WARN_COMMA = YES;
				CLANG_WARN_CONSTANT_CONVERSION = YES;
				CLANG_WARN_DEPRECATED_OBJC_IMPLEMENTATIONS = YES;
				CLANG_WARN_DIRECT_OBJC_ISA_USAGE = YES_ERROR;
				CLANG_WARN_DOCUMENTATION_COMMENTS = YES;
				CLANG_WARN_EMPTY_BODY = YES;
				CLANG_WARN_ENUM_CONVERSION = YES;
				CLANG_WARN_INFINITE_RECURSION = YES;
				CLANG_WARN_INT_CONVERSION = YES;
				CLANG_WARN_NON_LITERAL_NULL_CONVERSION = YES;
				CLANG_WARN_OBJC_IMPLICIT_RETAIN_SELF = YES;
				CLANG_WARN_OBJC_LITERAL_CONVERSION = YES;
				CLANG_WARN_OBJC_ROOT_CLASS = YES_ERROR;
				CLANG_WARN_QUOTED_INCLUDE_IN_FRAMEWORK_HEADER = YES;
				CLANG_WARN_RANGE_LOOP_ANALYSIS = YES;
				CLANG_WARN_STRICT_PROTOTYPES = YES;
				CLANG_WARN_SUSPICIOUS_MOVE = YES;
				CLANG_WARN_UNGUARDED_AVAILABILITY = YES_AGGRESSIVE;
				CLANG_WARN_UNREACHABLE_CODE = YES;
				CLANG_WARN__DUPLICATE_METHOD_MATCH = YES;
				COPY_PHASE_STRIP = NO;
				DEBUG_INFORMATION_FORMAT = "dwarf-with-dsym";
				ENABLE_NS_ASSERTIONS = NO;
				ENABLE_STRICT_OBJC_MSGSEND = YES;
				ENABLE_USER_SCRIPT_SANDBOXING = YES;
				GCC_C_LANGUAGE_STANDARD = gnu17;
				GCC_NO_COMMON_BLOCKS = YES;
				GCC_WARN_64_TO_32_BIT_CONVERSION = YES;
				GCC_WARN_ABOUT_RETURN_TYPE = YES_ERROR;
				GCC_WARN_UNDECLARED_SELECTOR = YES;
				GCC_WARN_UNINITIALIZED_AUTOS = YES_AGGRESSIVE;
				GCC_WARN_UNUSED_FUNCTION = YES;
				GCC_WARN_UNUSED_VARIABLE = YES;
				IPHONEOS_DEPLOYMENT_TARGET = 17.5;
				LOCALIZATION_PREFERS_STRING_CATALOGS = YES;
				MTL_ENABLE_DEBUG_INFO = NO;
				MTL_FAST_MATH = YES;
				SDKROOT = iphoneos;
				SWIFT_COMPILATION_MODE = wholemodule;
				VALIDATE_PRODUCT = YES;
			};
			name = Release;
		};
		E442257F2CC35DFD00F8105E /* Debug */ = {
			isa = XCBuildConfiguration;
			buildSettings = {
				ASSETCATALOG_COMPILER_APPICON_NAME = AppIcon;
				ASSETCATALOG_COMPILER_GLOBAL_ACCENT_COLOR_NAME = AccentColor;
				CODE_SIGN_STYLE = Automatic;
				CURRENT_PROJECT_VERSION = 1;
				DEVELOPMENT_ASSET_PATHS = "\"Foodies_Assign/Preview Content\"";
				DEVELOPMENT_TEAM = P245NB73JW;
				ENABLE_PREVIEWS = YES;
				GENERATE_INFOPLIST_FILE = YES;
				INFOPLIST_KEY_UIApplicationSceneManifest_Generation = YES;
				INFOPLIST_KEY_UIApplicationSupportsIndirectInputEvents = YES;
				INFOPLIST_KEY_UILaunchScreen_Generation = YES;
				INFOPLIST_KEY_UISupportedInterfaceOrientations_iPad = "UIInterfaceOrientationPortrait UIInterfaceOrientationPortraitUpsideDown UIInterfaceOrientationLandscapeLeft UIInterfaceOrientationLandscapeRight";
				INFOPLIST_KEY_UISupportedInterfaceOrientations_iPhone = "UIInterfaceOrientationPortrait UIInterfaceOrientationLandscapeLeft UIInterfaceOrientationLandscapeRight";
				IPHONEOS_DEPLOYMENT_TARGET = 17.0;
				LD_RUNPATH_SEARCH_PATHS = (
					"$(inherited)",
					"@executable_path/Frameworks",
				);
				MARKETING_VERSION = 1.0;
				PRODUCT_BUNDLE_IDENTIFIER = "com.Foodies-Assign";
				PRODUCT_NAME = "$(TARGET_NAME)";
				SUPPORTED_PLATFORMS = "iphoneos iphonesimulator";
				SUPPORTS_MACCATALYST = NO;
				SUPPORTS_MAC_DESIGNED_FOR_IPHONE_IPAD = NO;
				SUPPORTS_XR_DESIGNED_FOR_IPHONE_IPAD = NO;
				SWIFT_EMIT_LOC_STRINGS = YES;
				SWIFT_VERSION = 5.0;
				TARGETED_DEVICE_FAMILY = "1,2";
			};
			name = Debug;
		};
		E44225802CC35DFD00F8105E /* Release */ = {
			isa = XCBuildConfiguration;
			buildSettings = {
				ASSETCATALOG_COMPILER_APPICON_NAME = AppIcon;
				ASSETCATALOG_COMPILER_GLOBAL_ACCENT_COLOR_NAME = AccentColor;
				CODE_SIGN_STYLE = Automatic;
				CURRENT_PROJECT_VERSION = 1;
				DEVELOPMENT_ASSET_PATHS = "\"Foodies_Assign/Preview Content\"";
				DEVELOPMENT_TEAM = P245NB73JW;
				ENABLE_PREVIEWS = YES;
				GENERATE_INFOPLIST_FILE = YES;
				INFOPLIST_KEY_UIApplicationSceneManifest_Generation = YES;
				INFOPLIST_KEY_UIApplicationSupportsIndirectInputEvents = YES;
				INFOPLIST_KEY_UILaunchScreen_Generation = YES;
				INFOPLIST_KEY_UISupportedInterfaceOrientations_iPad = "UIInterfaceOrientationPortrait UIInterfaceOrientationPortraitUpsideDown UIInterfaceOrientationLandscapeLeft UIInterfaceOrientationLandscapeRight";
				INFOPLIST_KEY_UISupportedInterfaceOrientations_iPhone = "UIInterfaceOrientationPortrait UIInterfaceOrientationLandscapeLeft UIInterfaceOrientationLandscapeRight";
				IPHONEOS_DEPLOYMENT_TARGET = 17.0;
				LD_RUNPATH_SEARCH_PATHS = (
					"$(inherited)",
					"@executable_path/Frameworks",
				);
				MARKETING_VERSION = 1.0;
				PRODUCT_BUNDLE_IDENTIFIER = "com.Foodies-Assign";
				PRODUCT_NAME = "$(TARGET_NAME)";
				SUPPORTED_PLATFORMS = "iphoneos iphonesimulator";
				SUPPORTS_MACCATALYST = NO;
				SUPPORTS_MAC_DESIGNED_FOR_IPHONE_IPAD = NO;
				SUPPORTS_XR_DESIGNED_FOR_IPHONE_IPAD = NO;
				SWIFT_EMIT_LOC_STRINGS = YES;
				SWIFT_VERSION = 5.0;
				TARGETED_DEVICE_FAMILY = "1,2";
			};
			name = Release;
		};
		E44225822CC35DFD00F8105E /* Debug */ = {
			isa = XCBuildConfiguration;
			buildSettings = {
				ALWAYS_EMBED_SWIFT_STANDARD_LIBRARIES = YES;
				BUNDLE_LOADER = "$(TEST_HOST)";
				CODE_SIGN_STYLE = Automatic;
				CURRENT_PROJECT_VERSION = 1;
				DEVELOPMENT_TEAM = P245NB73JW;
				GENERATE_INFOPLIST_FILE = YES;
				IPHONEOS_DEPLOYMENT_TARGET = 17.0;
				MARKETING_VERSION = 1.0;
				PRODUCT_BUNDLE_IDENTIFIER = "com.Foodies-AssignTests";
				PRODUCT_NAME = "$(TARGET_NAME)";
				SUPPORTED_PLATFORMS = "iphoneos iphonesimulator";
				SUPPORTS_MACCATALYST = NO;
				SUPPORTS_MAC_DESIGNED_FOR_IPHONE_IPAD = NO;
				SUPPORTS_XR_DESIGNED_FOR_IPHONE_IPAD = NO;
				SWIFT_EMIT_LOC_STRINGS = NO;
				SWIFT_VERSION = 5.0;
				TARGETED_DEVICE_FAMILY = "1,2";
				TEST_HOST = "$(BUILT_PRODUCTS_DIR)/Foodies_Assign.app/$(BUNDLE_EXECUTABLE_FOLDER_PATH)/Foodies_Assign";
			};
			name = Debug;
		};
		E44225832CC35DFD00F8105E /* Release */ = {
			isa = XCBuildConfiguration;
			buildSettings = {
				ALWAYS_EMBED_SWIFT_STANDARD_LIBRARIES = YES;
				BUNDLE_LOADER = "$(TEST_HOST)";
				CODE_SIGN_STYLE = Automatic;
				CURRENT_PROJECT_VERSION = 1;
				DEVELOPMENT_TEAM = P245NB73JW;
				GENERATE_INFOPLIST_FILE = YES;
				IPHONEOS_DEPLOYMENT_TARGET = 17.0;
				MARKETING_VERSION = 1.0;
				PRODUCT_BUNDLE_IDENTIFIER = "com.Foodies-AssignTests";
				PRODUCT_NAME = "$(TARGET_NAME)";
				SUPPORTED_PLATFORMS = "iphoneos iphonesimulator";
				SUPPORTS_MACCATALYST = NO;
				SUPPORTS_MAC_DESIGNED_FOR_IPHONE_IPAD = NO;
				SUPPORTS_XR_DESIGNED_FOR_IPHONE_IPAD = NO;
				SWIFT_EMIT_LOC_STRINGS = NO;
				SWIFT_VERSION = 5.0;
				TARGETED_DEVICE_FAMILY = "1,2";
				TEST_HOST = "$(BUILT_PRODUCTS_DIR)/Foodies_Assign.app/$(BUNDLE_EXECUTABLE_FOLDER_PATH)/Foodies_Assign";
			};
			name = Release;
		};
		E44225852CC35DFD00F8105E /* Debug */ = {
			isa = XCBuildConfiguration;
			buildSettings = {
				ALWAYS_EMBED_SWIFT_STANDARD_LIBRARIES = YES;
				CODE_SIGN_STYLE = Automatic;
				CURRENT_PROJECT_VERSION = 1;
				DEVELOPMENT_TEAM = P245NB73JW;
				GENERATE_INFOPLIST_FILE = YES;
				IPHONEOS_DEPLOYMENT_TARGET = 17.0;
				MARKETING_VERSION = 1.0;
				PRODUCT_BUNDLE_IDENTIFIER = "com.Foodies-AssignUITests";
				PRODUCT_NAME = "$(TARGET_NAME)";
				SUPPORTED_PLATFORMS = "iphoneos iphonesimulator";
				SUPPORTS_MACCATALYST = NO;
				SUPPORTS_MAC_DESIGNED_FOR_IPHONE_IPAD = NO;
				SUPPORTS_XR_DESIGNED_FOR_IPHONE_IPAD = NO;
				SWIFT_EMIT_LOC_STRINGS = NO;
				SWIFT_VERSION = 5.0;
				TARGETED_DEVICE_FAMILY = "1,2";
				TEST_TARGET_NAME = Foodies_Assign;
			};
			name = Debug;
		};
		E44225862CC35DFD00F8105E /* Release */ = {
			isa = XCBuildConfiguration;
			buildSettings = {
				ALWAYS_EMBED_SWIFT_STANDARD_LIBRARIES = YES;
				CODE_SIGN_STYLE = Automatic;
				CURRENT_PROJECT_VERSION = 1;
				DEVELOPMENT_TEAM = P245NB73JW;
				GENERATE_INFOPLIST_FILE = YES;
				IPHONEOS_DEPLOYMENT_TARGET = 17.0;
				MARKETING_VERSION = 1.0;
				PRODUCT_BUNDLE_IDENTIFIER = "com.Foodies-AssignUITests";
				PRODUCT_NAME = "$(TARGET_NAME)";
				SUPPORTED_PLATFORMS = "iphoneos iphonesimulator";
				SUPPORTS_MACCATALYST = NO;
				SUPPORTS_MAC_DESIGNED_FOR_IPHONE_IPAD = NO;
				SUPPORTS_XR_DESIGNED_FOR_IPHONE_IPAD = NO;
				SWIFT_EMIT_LOC_STRINGS = NO;
				SWIFT_VERSION = 5.0;
				TARGETED_DEVICE_FAMILY = "1,2";
				TEST_TARGET_NAME = Foodies_Assign;
			};
			name = Release;
		};
/* End XCBuildConfiguration section */

/* Begin XCConfigurationList section */
		E44225552CC35DFC00F8105E /* Build configuration list for PBXProject "Foodies_Assign" */ = {
			isa = XCConfigurationList;
			buildConfigurations = (
				E442257C2CC35DFD00F8105E /* Debug */,
				E442257D2CC35DFD00F8105E /* Release */,
			);
			defaultConfigurationIsVisible = 0;
			defaultConfigurationName = Release;
		};
		E442257E2CC35DFD00F8105E /* Build configuration list for PBXNativeTarget "Foodies_Assign" */ = {
			isa = XCConfigurationList;
			buildConfigurations = (
				E442257F2CC35DFD00F8105E /* Debug */,
				E44225802CC35DFD00F8105E /* Release */,
			);
			defaultConfigurationIsVisible = 0;
			defaultConfigurationName = Release;
		};
		E44225812CC35DFD00F8105E /* Build configuration list for PBXNativeTarget "Foodies_AssignTests" */ = {
			isa = XCConfigurationList;
			buildConfigurations = (
				E44225822CC35DFD00F8105E /* Debug */,
				E44225832CC35DFD00F8105E /* Release */,
			);
			defaultConfigurationIsVisible = 0;
			defaultConfigurationName = Release;
		};
		E44225842CC35DFD00F8105E /* Build configuration list for PBXNativeTarget "Foodies_AssignUITests" */ = {
			isa = XCConfigurationList;
			buildConfigurations = (
				E44225852CC35DFD00F8105E /* Debug */,
				E44225862CC35DFD00F8105E /* Release */,
			);
			defaultConfigurationIsVisible = 0;
			defaultConfigurationName = Release;
		};
/* End XCConfigurationList section */

/* Begin XCRemoteSwiftPackageReference section */
		E442258C2CC35E8D00F8105E /* XCRemoteSwiftPackageReference "Kingfisher" */ = {
			isa = XCRemoteSwiftPackageReference;
			repositoryURL = "https://github.com/onevcat/Kingfisher";
			requirement = {
				kind = upToNextMajorVersion;
				minimumVersion = 8.1.0;
			};
		};
/* End XCRemoteSwiftPackageReference section */

/* Begin XCSwiftPackageProductDependency section */
		E442258D2CC35E8D00F8105E /* Kingfisher */ = {
			isa = XCSwiftPackageProductDependency;
			package = E442258C2CC35E8D00F8105E /* XCRemoteSwiftPackageReference "Kingfisher" */;
			productName = Kingfisher;
		};
/* End XCSwiftPackageProductDependency section */
	};
	rootObject = E44225522CC35DFC00F8105E /* Project object */;
}
